Microsoft Visual Studio Solution File, Format Version 12.00
# Visual Studio Version 17
VisualStudioVersion = 17.5.2.0
MinimumVisualStudioVersion = 10.0.40219.1
Project("{FAE04EC0-301F-11D3-BF4B-00C04F79EFBC}") = "iberPlay", "iberPlay\iberPlay.csproj", "{13D33AF4-FAEC-CF06-F743-26279B634E29}"
EndProject
Global
	GlobalSection(SolutionConfigurationPlatforms) = preSolution
		Debug|Any CPU = Debug|Any CPU
		Release|Any CPU = Release|Any CPU
	EndGlobalSection
	GlobalSection(ProjectConfigurationPlatforms) = postSolution
		{13D33AF4-FAEC-CF06-F743-26279B634E29}.Debug|Any CPU.ActiveCfg = Debug|Any CPU
		{13D33AF4-FAEC-CF06-F743-26279B634E29}.Debug|Any CPU.Build.0 = Debug|Any CPU
		{13D33AF4-FAEC-CF06-F743-26279B634E29}.Release|Any CPU.ActiveCfg = Release|Any CPU
		{13D33AF4-FAEC-CF06-F743-26279B634E29}.Release|Any CPU.Build.0 = Release|Any CPU
	EndGlobalSection
	GlobalSection(SolutionProperties) = preSolution
		HideSolutionNode = FALSE
	EndGlobalSection
	GlobalSection(ExtensibilityGlobals) = postSolution
		SolutionGuid = {1EC3F01A-7894-4540-9B48-D344F0936A8F}
	EndGlobalSection
EndGlobal
